
Microsoft Visual Studio Solution File, Format Version 12.00
# Visual Studio 2012
Project("{FAE04EC0-301F-11D3-BF4B-00C04F79EFBC}") = "HotelManagementSystem", "HotelManagementSystem\HotelManagementSystem.csproj", "{2279A1EF-D542-43BC-A5FB-2F68177C49A5}"
	ProjectSection(ProjectDependencies) = postProject
		{F65D17DD-D9E9-4423-8790-A205B9F7281D} = {F65D17DD-D9E9-4423-8790-A205B9F7281D}
	EndProjectSection
EndProject
Project("{FAE04EC0-301F-11D3-BF4B-00C04F79EFBC}") = "WebService", "WebService\WebService\WebService\WebService.csproj", "{F65D17DD-D9E9-4423-8790-A205B9F7281D}"
EndProject
Global
	GlobalSection(SolutionConfigurationPlatforms) = preSolution
		Debug|Any CPU = Debug|Any CPU
		Release|Any CPU = Release|Any CPU
	EndGlobalSection
	GlobalSection(ProjectConfigurationPlatforms) = postSolution
		{2279A1EF-D542-43BC-A5FB-2F68177C49A5}.Debug|Any CPU.ActiveCfg = Debug|Any CPU
		{2279A1EF-D542-43BC-A5FB-2F68177C49A5}.Debug|Any CPU.Build.0 = Debug|Any CPU
		{2279A1EF-D542-43BC-A5FB-2F68177C49A5}.Release|Any CPU.ActiveCfg = Release|Any CPU
		{2279A1EF-D542-43BC-A5FB-2F68177C49A5}.Release|Any CPU.Build.0 = Release|Any CPU
		{F65D17DD-D9E9-4423-8790-A205B9F7281D}.Debug|Any CPU.ActiveCfg = Debug|Any CPU
		{F65D17DD-D9E9-4423-8790-A205B9F7281D}.Debug|Any CPU.Build.0 = Debug|Any CPU
		{F65D17DD-D9E9-4423-8790-A205B9F7281D}.Release|Any CPU.ActiveCfg = Release|Any CPU
		{F65D17DD-D9E9-4423-8790-A205B9F7281D}.Release|Any CPU.Build.0 = Release|Any CPU
	EndGlobalSection
	GlobalSection(SolutionProperties) = preSolution
		HideSolutionNode = FALSE
	EndGlobalSection
EndGlobal
